
Microsoft Visual Studio Solution File, Format Version 12.00
# Visual Studio Version 17
VisualStudioVersion = 17.4.33205.214
MinimumVisualStudioVersion = 10.0.40219.1
Project("{9A19103F-16F7-4668-BE54-9A1E7A4F7556}") = "Fluxor.Undo", "src\Fluxor.Undo\Fluxor.Undo.csproj", "{131B8C69-F4BA-46FE-8A30-3BCA8CC9933F}"
EndProject
Project("{2150E333-8FDC-42A3-9474-1A3956D46DE8}") = "docs", "docs", "{AB96C6E7-13F7-42B8-86E5-EF795382C0FA}"
	ProjectSection(SolutionItems) = preProject
		docs\icon-128x128.png = docs\icon-128x128.png
		docs\icon-512x512.png = docs\icon-512x512.png
	EndProjectSection
EndProject
Project("{2150E333-8FDC-42A3-9474-1A3956D46DE8}") = "examples", "examples", "{6D871756-93F4-46B3-BA64-93A04213901B}"
EndProject
Project("{2150E333-8FDC-42A3-9474-1A3956D46DE8}") = "other", "other", "{A4308C6A-1B9A-4F55-9E4F-FF5778780ADA}"
	ProjectSection(SolutionItems) = preProject
		.editorconfig = .editorconfig
		Directory.Build.props = Directory.Build.props
		README.md = README.md
	EndProjectSection
EndProject
Project("{2150E333-8FDC-42A3-9474-1A3956D46DE8}") = "pipeline", "pipeline", "{B29410F4-9F4D-4AEA-9FC0-9786B78CAA33}"
	ProjectSection(SolutionItems) = preProject
		pipeline\default.yml = pipeline\default.yml
	EndProjectSection
EndProject
Project("{2150E333-8FDC-42A3-9474-1A3956D46DE8}") = "src", "src", "{FD9FF9B0-970C-4FAE-B327-1D55163E4460}"
EndProject
Project("{2150E333-8FDC-42A3-9474-1A3956D46DE8}") = "tests", "tests", "{562D9D20-01A5-4BB3-9D2A-2278CFB882FE}"
EndProject
Project("{9A19103F-16F7-4668-BE54-9A1E7A4F7556}") = "Fluxor.Undo.Tests", "tests\Fluxor.Undo.Tests\Fluxor.Undo.Tests.csproj", "{F51D3DC3-CFCB-47F0-9049-A7BEE5DAB2AD}"
EndProject
Project("{9A19103F-16F7-4668-BE54-9A1E7A4F7556}") = "FluxorBlazorWeb.ReduxDevToolsTutorial.Client", "examples\Client\FluxorBlazorWeb.ReduxDevToolsTutorial.Client.csproj", "{4BC2DAAD-F8DC-4756-81AE-449B0BA998D5}"
EndProject
Global
	GlobalSection(SolutionConfigurationPlatforms) = preSolution
		Debug|Any CPU = Debug|Any CPU
		Release|Any CPU = Release|Any CPU
	EndGlobalSection
	GlobalSection(ProjectConfigurationPlatforms) = postSolution
		{131B8C69-F4BA-46FE-8A30-3BCA8CC9933F}.Debug|Any CPU.ActiveCfg = Debug|Any CPU
		{131B8C69-F4BA-46FE-8A30-3BCA8CC9933F}.Debug|Any CPU.Build.0 = Debug|Any CPU
		{131B8C69-F4BA-46FE-8A30-3BCA8CC9933F}.Release|Any CPU.ActiveCfg = Release|Any CPU
		{131B8C69-F4BA-46FE-8A30-3BCA8CC9933F}.Release|Any CPU.Build.0 = Release|Any CPU
		{F51D3DC3-CFCB-47F0-9049-A7BEE5DAB2AD}.Debug|Any CPU.ActiveCfg = Debug|Any CPU
		{F51D3DC3-CFCB-47F0-9049-A7BEE5DAB2AD}.Debug|Any CPU.Build.0 = Debug|Any CPU
		{F51D3DC3-CFCB-47F0-9049-A7BEE5DAB2AD}.Release|Any CPU.ActiveCfg = Release|Any CPU
		{F51D3DC3-CFCB-47F0-9049-A7BEE5DAB2AD}.Release|Any CPU.Build.0 = Release|Any CPU
		{4BC2DAAD-F8DC-4756-81AE-449B0BA998D5}.Debug|Any CPU.ActiveCfg = Debug|Any CPU
		{4BC2DAAD-F8DC-4756-81AE-449B0BA998D5}.Debug|Any CPU.Build.0 = Debug|Any CPU
		{4BC2DAAD-F8DC-4756-81AE-449B0BA998D5}.Release|Any CPU.ActiveCfg = Release|Any CPU
		{4BC2DAAD-F8DC-4756-81AE-449B0BA998D5}.Release|Any CPU.Build.0 = Release|Any CPU
	EndGlobalSection
	GlobalSection(SolutionProperties) = preSolution
		HideSolutionNode = FALSE
	EndGlobalSection
	GlobalSection(NestedProjects) = preSolution
		{131B8C69-F4BA-46FE-8A30-3BCA8CC9933F} = {FD9FF9B0-970C-4FAE-B327-1D55163E4460}
		{F51D3DC3-CFCB-47F0-9049-A7BEE5DAB2AD} = {562D9D20-01A5-4BB3-9D2A-2278CFB882FE}
		{4BC2DAAD-F8DC-4756-81AE-449B0BA998D5} = {6D871756-93F4-46B3-BA64-93A04213901B}
	EndGlobalSection
	GlobalSection(ExtensibilityGlobals) = postSolution
		SolutionGuid = {47B82755-5CED-4DF8-BAF2-A25F643C3C9F}
	EndGlobalSection
EndGlobal
